
Microsoft Visual Studio Solution File, Format Version 12.00
# Visual Studio Version 17
VisualStudioVersion = 17.0.32112.339
MinimumVisualStudioVersion = 10.0.40219.1
Project("{9A19103F-16F7-4668-BE54-9A1E7A4F7556}") = "SimpleGrid", "SimpleGrid\SimpleGrid.csproj", "{9CA4DA80-FC33-4762-86A2-D518B45C24C2}"
EndProject
Project("{9A19103F-16F7-4668-BE54-9A1E7A4F7556}") = "Galador.ExcelGrid", "Galador.ExcelGrid\Galador.ExcelGrid.csproj", "{BA761C03-7E72-461A-9CCF-A473F363E5C2}"
EndProject
Project("{FAE04EC0-301F-11D3-BF4B-00C04F79EFBC}") = "ExcelGridDemo", "ExcelGridDemo\ExcelGridDemo.csproj", "{4822AFFB-520D-4959-8503-2618D3DF842B}"
EndProject
Global
	GlobalSection(SolutionConfigurationPlatforms) = preSolution
		Debug|Any CPU = Debug|Any CPU
		Release|Any CPU = Release|Any CPU
	EndGlobalSection
	GlobalSection(ProjectConfigurationPlatforms) = postSolution
		{9CA4DA80-FC33-4762-86A2-D518B45C24C2}.Debug|Any CPU.ActiveCfg = Debug|Any CPU
		{9CA4DA80-FC33-4762-86A2-D518B45C24C2}.Debug|Any CPU.Build.0 = Debug|Any CPU
		{9CA4DA80-FC33-4762-86A2-D518B45C24C2}.Release|Any CPU.ActiveCfg = Release|Any CPU
		{9CA4DA80-FC33-4762-86A2-D518B45C24C2}.Release|Any CPU.Build.0 = Release|Any CPU
		{BA761C03-7E72-461A-9CCF-A473F363E5C2}.Debug|Any CPU.ActiveCfg = Debug|Any CPU
		{BA761C03-7E72-461A-9CCF-A473F363E5C2}.Debug|Any CPU.Build.0 = Debug|Any CPU
		{BA761C03-7E72-461A-9CCF-A473F363E5C2}.Release|Any CPU.ActiveCfg = Release|Any CPU
		{BA761C03-7E72-461A-9CCF-A473F363E5C2}.Release|Any CPU.Build.0 = Release|Any CPU
		{4822AFFB-520D-4959-8503-2618D3DF842B}.Debug|Any CPU.ActiveCfg = Debug|Any CPU
		{4822AFFB-520D-4959-8503-2618D3DF842B}.Debug|Any CPU.Build.0 = Debug|Any CPU
		{4822AFFB-520D-4959-8503-2618D3DF842B}.Release|Any CPU.ActiveCfg = Release|Any CPU
		{4822AFFB-520D-4959-8503-2618D3DF842B}.Release|Any CPU.Build.0 = Release|Any CPU
	EndGlobalSection
	GlobalSection(SolutionProperties) = preSolution
		HideSolutionNode = FALSE
	EndGlobalSection
	GlobalSection(ExtensibilityGlobals) = postSolution
		SolutionGuid = {4DD5A108-58C5-4865-B9D2-01309A43750F}
	EndGlobalSection
EndGlobal
